
Microsoft Visual Studio Solution File, Format Version 12.00
# Visual Studio Version 17
VisualStudioVersion = 17.3.32922.545
MinimumVisualStudioVersion = 10.0.40219.1
Project("{FAE04EC0-301F-11D3-BF4B-00C04F79EFBC}") = "escola-console", "escola-console\escola-console.csproj", "{6E67244E-EC88-4059-853A-B4584DC5C6FD}"
EndProject
Global
	GlobalSection(SolutionConfigurationPlatforms) = preSolution
		Debug|Any CPU = Debug|Any CPU
		Release|Any CPU = Release|Any CPU
	EndGlobalSection
	GlobalSection(ProjectConfigurationPlatforms) = postSolution
		{6E67244E-EC88-4059-853A-B4584DC5C6FD}.Debug|Any CPU.ActiveCfg = Debug|Any CPU
		{6E67244E-EC88-4059-853A-B4584DC5C6FD}.Debug|Any CPU.Build.0 = Debug|Any CPU
		{6E67244E-EC88-4059-853A-B4584DC5C6FD}.Release|Any CPU.ActiveCfg = Release|Any CPU
		{6E67244E-EC88-4059-853A-B4584DC5C6FD}.Release|Any CPU.Build.0 = Release|Any CPU
	EndGlobalSection
	GlobalSection(SolutionProperties) = preSolution
		HideSolutionNode = FALSE
	EndGlobalSection
	GlobalSection(ExtensibilityGlobals) = postSolution
		SolutionGuid = {22F30C81-A1FF-4046-9E9D-D68FCED9EB9E}
	EndGlobalSection
EndGlobal
